
Microsoft Visual Studio Solution File, Format Version 12.00
# Visual Studio 15
VisualStudioVersion = 15.0.28307.421
MinimumVisualStudioVersion = 10.0.40219.1
Project("{FAE04EC0-301F-11D3-BF4B-00C04F79EFBC}") = "Ankle-Support", "Ankle-Support.csproj", "{B2900CAA-EAD0-4C24-AC05-815D7FEFF161}"
EndProject
Global
	GlobalSection(SolutionConfigurationPlatforms) = preSolution
		Debug|Any CPU = Debug|Any CPU
		Release|Any CPU = Release|Any CPU
	EndGlobalSection
	GlobalSection(ProjectConfigurationPlatforms) = postSolution
		{B2900CAA-EAD0-4C24-AC05-815D7FEFF161}.Debug|Any CPU.ActiveCfg = Debug|Any CPU
		{B2900CAA-EAD0-4C24-AC05-815D7FEFF161}.Debug|Any CPU.Build.0 = Debug|Any CPU
		{B2900CAA-EAD0-4C24-AC05-815D7FEFF161}.Release|Any CPU.ActiveCfg = Release|Any CPU
		{B2900CAA-EAD0-4C24-AC05-815D7FEFF161}.Release|Any CPU.Build.0 = Release|Any CPU
	EndGlobalSection
	GlobalSection(SolutionProperties) = preSolution
		HideSolutionNode = FALSE
	EndGlobalSection
	GlobalSection(ExtensibilityGlobals) = postSolution
		SolutionGuid = {4D9D4396-0D80-4AB4-9BFF-307650585011}
	EndGlobalSection
EndGlobal
